
Microsoft Visual Studio Solution File, Format Version 12.00
# Visual Studio Version 17
VisualStudioVersion = 17.9.34723.18
MinimumVisualStudioVersion = 10.0.40219.1
Project("{FAE04EC0-301F-11D3-BF4B-00C04F79EFBC}") = "WCF_WEBSERVICE_SOAP", "WCF_WEBSERVICE_SOAP\WCF_WEBSERVICE_SOAP.csproj", "{892EA074-113E-4D9C-9C36-842CC8C59C76}"
EndProject
Global
	GlobalSection(SolutionConfigurationPlatforms) = preSolution
		Debug|Any CPU = Debug|Any CPU
		Release|Any CPU = Release|Any CPU
	EndGlobalSection
	GlobalSection(ProjectConfigurationPlatforms) = postSolution
		{892EA074-113E-4D9C-9C36-842CC8C59C76}.Debug|Any CPU.ActiveCfg = Debug|Any CPU
		{892EA074-113E-4D9C-9C36-842CC8C59C76}.Debug|Any CPU.Build.0 = Debug|Any CPU
		{892EA074-113E-4D9C-9C36-842CC8C59C76}.Release|Any CPU.ActiveCfg = Release|Any CPU
		{892EA074-113E-4D9C-9C36-842CC8C59C76}.Release|Any CPU.Build.0 = Release|Any CPU
	EndGlobalSection
	GlobalSection(SolutionProperties) = preSolution
		HideSolutionNode = FALSE
	EndGlobalSection
	GlobalSection(ExtensibilityGlobals) = postSolution
		SolutionGuid = {C62D3810-FA90-4C28-A3DB-B22BDBA46E65}
	EndGlobalSection
EndGlobal
